
Microsoft Visual Studio Solution File, Format Version 12.00
# Visual Studio Version 16
VisualStudioVersion = 16.0.30907.101
MinimumVisualStudioVersion = 10.0.40219.1
Project("{9A19103F-16F7-4668-BE54-9A1E7A4F7556}") = "Sharp.FileSystem.Smb", "FileSystem.Smb\Sharp.FileSystem.Smb.csproj", "{BE645FA2-5CFF-4945-8A80-177EA2F09363}"
EndProject
Project("{9A19103F-16F7-4668-BE54-9A1E7A4F7556}") = "Sharp.FileSystem.Smb.Tests", "FileSystem.Smb.Tests\Sharp.FileSystem.Smb.Tests.csproj", "{BDCBAD3E-9942-4BA7-8E71-AFB32E72D241}"
EndProject
Project("{9A19103F-16F7-4668-BE54-9A1E7A4F7556}") = "Sharp.FileSystems.Abstractions", "Sharp.FileSystems.Abstractions\Sharp.FileSystems.Abstractions.csproj", "{74825820-FEE3-46D2-8265-943C6705A3A8}"
EndProject
Project("{2150E333-8FDC-42A3-9474-1A3956D46DE8}") = "Xamarin", "Xamarin", "{073DDF71-81BA-43C7-9325-92D107FBA1C4}"
EndProject
Project("{2150E333-8FDC-42A3-9474-1A3956D46DE8}") = "Examples", "Examples", "{779C01CB-A13C-4E33-A980-D5FBACFAAFD7}"
EndProject
Project("{2150E333-8FDC-42A3-9474-1A3956D46DE8}") = "Xamarin", "Xamarin", "{9A7ACBB5-EB41-4BE2-A049-F43AE7153EBA}"
EndProject
Project("{FAE04EC0-301F-11D3-BF4B-00C04F79EFBC}") = "FileBrowser.UWP", "Examples\Xamarin\FileBrowser\FileBrowser.UWP\FileBrowser.UWP.csproj", "{D400F2B0-F917-4918-A82F-13C9806BEE28}"
EndProject
Project("{FAE04EC0-301F-11D3-BF4B-00C04F79EFBC}") = "FileBrowser.Android", "Examples\Xamarin\FileBrowser\FileBrowser.Android\FileBrowser.Android.csproj", "{F2508956-9E95-4B32-B52A-BD92481118F3}"
EndProject
Project("{FAE04EC0-301F-11D3-BF4B-00C04F79EFBC}") = "FileBrowser.iOS", "Examples\Xamarin\FileBrowser\FileBrowser.iOS\FileBrowser.iOS.csproj", "{4B9E6837-EA20-4CCD-AEBE-600E719528DA}"
EndProject
Project("{9A19103F-16F7-4668-BE54-9A1E7A4F7556}") = "FileBrowser", "Examples\Xamarin\FileBrowser\FileBrowser\FileBrowser.csproj", "{E7AFD0D1-D3A9-4A1C-9E91-81CA5D7F2BA2}"
EndProject
Project("{9A19103F-16F7-4668-BE54-9A1E7A4F7556}") = "Sharp.FileSystem.Smb.Discovery", "Sharp.Filesystem.Smb.Discovery\Sharp.FileSystem.Smb.Discovery.csproj", "{D3096C53-8C90-4933-9790-E644459AEDE7}"
EndProject
Project("{FAE04EC0-301F-11D3-BF4B-00C04F79EFBC}") = "Sharp.FileSystem.Forms", "Xamarin\Sharp.FileSystem.Forms\Sharp.FileSystem.Forms.csproj", "{BFC5423A-4458-4F52-85C1-A25E41E9AE21}"
EndProject
Global
	GlobalSection(SolutionConfigurationPlatforms) = preSolution
		Debug|Any CPU = Debug|Any CPU
		Debug|ARM = Debug|ARM
		Debug|iPhone = Debug|iPhone
		Debug|iPhoneSimulator = Debug|iPhoneSimulator
		Debug|x64 = Debug|x64
		Debug|x86 = Debug|x86
		Release|Any CPU = Release|Any CPU
		Release|ARM = Release|ARM
		Release|iPhone = Release|iPhone
		Release|iPhoneSimulator = Release|iPhoneSimulator
		Release|x64 = Release|x64
		Release|x86 = Release|x86
	EndGlobalSection
	GlobalSection(ProjectConfigurationPlatforms) = postSolution
		{BE645FA2-5CFF-4945-8A80-177EA2F09363}.Debug|Any CPU.ActiveCfg = Debug|Any CPU
		{BE645FA2-5CFF-4945-8A80-177EA2F09363}.Debug|Any CPU.Build.0 = Debug|Any CPU
		{BE645FA2-5CFF-4945-8A80-177EA2F09363}.Debug|ARM.ActiveCfg = Debug|Any CPU
		{BE645FA2-5CFF-4945-8A80-177EA2F09363}.Debug|ARM.Build.0 = Debug|Any CPU
		{BE645FA2-5CFF-4945-8A80-177EA2F09363}.Debug|iPhone.ActiveCfg = Debug|Any CPU
		{BE645FA2-5CFF-4945-8A80-177EA2F09363}.Debug|iPhone.Build.0 = Debug|Any CPU
		{BE645FA2-5CFF-4945-8A80-177EA2F09363}.Debug|iPhoneSimulator.ActiveCfg = Debug|Any CPU
		{BE645FA2-5CFF-4945-8A80-177EA2F09363}.Debug|iPhoneSimulator.Build.0 = Debug|Any CPU
		{BE645FA2-5CFF-4945-8A80-177EA2F09363}.Debug|x64.ActiveCfg = Debug|Any CPU
		{BE645FA2-5CFF-4945-8A80-177EA2F09363}.Debug|x64.Build.0 = Debug|Any CPU
		{BE645FA2-5CFF-4945-8A80-177EA2F09363}.Debug|x86.ActiveCfg = Debug|Any CPU
		{BE645FA2-5CFF-4945-8A80-177EA2F09363}.Debug|x86.Build.0 = Debug|Any CPU
		{BE645FA2-5CFF-4945-8A80-177EA2F09363}.Release|Any CPU.ActiveCfg = Release|Any CPU
		{BE645FA2-5CFF-4945-8A80-177EA2F09363}.Release|Any CPU.Build.0 = Release|Any CPU
		{BE645FA2-5CFF-4945-8A80-177EA2F09363}.Release|ARM.ActiveCfg = Release|Any CPU
		{BE645FA2-5CFF-4945-8A80-177EA2F09363}.Release|ARM.Build.0 = Release|Any CPU
		{BE645FA2-5CFF-4945-8A80-177EA2F09363}.Release|iPhone.ActiveCfg = Release|Any CPU
		{BE645FA2-5CFF-4945-8A80-177EA2F09363}.Release|iPhone.Build.0 = Release|Any CPU
		{BE645FA2-5CFF-4945-8A80-177EA2F09363}.Release|iPhoneSimulator.ActiveCfg = Release|Any CPU
		{BE645FA2-5CFF-4945-8A80-177EA2F09363}.Release|iPhoneSimulator.Build.0 = Release|Any CPU
		{BE645FA2-5CFF-4945-8A80-177EA2F09363}.Release|x64.ActiveCfg = Release|Any CPU
		{BE645FA2-5CFF-4945-8A80-177EA2F09363}.Release|x64.Build.0 = Release|Any CPU
		{BE645FA2-5CFF-4945-8A80-177EA2F09363}.Release|x86.ActiveCfg = Release|Any CPU
		{BE645FA2-5CFF-4945-8A80-177EA2F09363}.Release|x86.Build.0 = Release|Any CPU
		{BDCBAD3E-9942-4BA7-8E71-AFB32E72D241}.Debug|Any CPU.ActiveCfg = Debug|Any CPU
		{BDCBAD3E-9942-4BA7-8E71-AFB32E72D241}.Debug|Any CPU.Build.0 = Debug|Any CPU
		{BDCBAD3E-9942-4BA7-8E71-AFB32E72D241}.Debug|ARM.ActiveCfg = Debug|Any CPU
		{BDCBAD3E-9942-4BA7-8E71-AFB32E72D241}.Debug|ARM.Build.0 = Debug|Any CPU
		{BDCBAD3E-9942-4BA7-8E71-AFB32E72D241}.Debug|iPhone.ActiveCfg = Debug|Any CPU
		{BDCBAD3E-9942-4BA7-8E71-AFB32E72D241}.Debug|iPhone.Build.0 = Debug|Any CPU
		{BDCBAD3E-9942-4BA7-8E71-AFB32E72D241}.Debug|iPhoneSimulator.ActiveCfg = Debug|Any CPU
		{BDCBAD3E-9942-4BA7-8E71-AFB32E72D241}.Debug|iPhoneSimulator.Build.0 = Debug|Any CPU
		{BDCBAD3E-9942-4BA7-8E71-AFB32E72D241}.Debug|x64.ActiveCfg = Debug|Any CPU
		{BDCBAD3E-9942-4BA7-8E71-AFB32E72D241}.Debug|x64.Build.0 = Debug|Any CPU
		{BDCBAD3E-9942-4BA7-8E71-AFB32E72D241}.Debug|x86.ActiveCfg = Debug|Any CPU
		{BDCBAD3E-9942-4BA7-8E71-AFB32E72D241}.Debug|x86.Build.0 = Debug|Any CPU
		{BDCBAD3E-9942-4BA7-8E71-AFB32E72D241}.Release|Any CPU.ActiveCfg = Release|Any CPU
		{BDCBAD3E-9942-4BA7-8E71-AFB32E72D241}.Release|Any CPU.Build.0 = Release|Any CPU
		{BDCBAD3E-9942-4BA7-8E71-AFB32E72D241}.Release|ARM.ActiveCfg = Release|Any CPU
		{BDCBAD3E-9942-4BA7-8E71-AFB32E72D241}.Release|ARM.Build.0 = Release|Any CPU
		{BDCBAD3E-9942-4BA7-8E71-AFB32E72D241}.Release|iPhone.ActiveCfg = Release|Any CPU
		{BDCBAD3E-9942-4BA7-8E71-AFB32E72D241}.Release|iPhone.Build.0 = Release|Any CPU
		{BDCBAD3E-9942-4BA7-8E71-AFB32E72D241}.Release|iPhoneSimulator.ActiveCfg = Release|Any CPU
		{BDCBAD3E-9942-4BA7-8E71-AFB32E72D241}.Release|iPhoneSimulator.Build.0 = Release|Any CPU
		{BDCBAD3E-9942-4BA7-8E71-AFB32E72D241}.Release|x64.ActiveCfg = Release|Any CPU
		{BDCBAD3E-9942-4BA7-8E71-AFB32E72D241}.Release|x64.Build.0 = Release|Any CPU
		{BDCBAD3E-9942-4BA7-8E71-AFB32E72D241}.Release|x86.ActiveCfg = Release|Any CPU
		{BDCBAD3E-9942-4BA7-8E71-AFB32E72D241}.Release|x86.Build.0 = Release|Any CPU
		{74825820-FEE3-46D2-8265-943C6705A3A8}.Debug|Any CPU.ActiveCfg = Debug|Any CPU
		{74825820-FEE3-46D2-8265-943C6705A3A8}.Debug|Any CPU.Build.0 = Debug|Any CPU
		{74825820-FEE3-46D2-8265-943C6705A3A8}.Debug|ARM.ActiveCfg = Debug|Any CPU
		{74825820-FEE3-46D2-8265-943C6705A3A8}.Debug|ARM.Build.0 = Debug|Any CPU
		{74825820-FEE3-46D2-8265-943C6705A3A8}.Debug|iPhone.ActiveCfg = Debug|Any CPU
		{74825820-FEE3-46D2-8265-943C6705A3A8}.Debug|iPhone.Build.0 = Debug|Any CPU
		{74825820-FEE3-46D2-8265-943C6705A3A8}.Debug|iPhoneSimulator.ActiveCfg = Debug|Any CPU
		{74825820-FEE3-46D2-8265-943C6705A3A8}.Debug|iPhoneSimulator.Build.0 = Debug|Any CPU
		{74825820-FEE3-46D2-8265-943C6705A3A8}.Debug|x64.ActiveCfg = Debug|Any CPU
		{74825820-FEE3-46D2-8265-943C6705A3A8}.Debug|x64.Build.0 = Debug|Any CPU
		{74825820-FEE3-46D2-8265-943C6705A3A8}.Debug|x86.ActiveCfg = Debug|Any CPU
		{74825820-FEE3-46D2-8265-943C6705A3A8}.Debug|x86.Build.0 = Debug|Any CPU
		{74825820-FEE3-46D2-8265-943C6705A3A8}.Release|Any CPU.ActiveCfg = Release|Any CPU
		{74825820-FEE3-46D2-8265-943C6705A3A8}.Release|Any CPU.Build.0 = Release|Any CPU
		{74825820-FEE3-46D2-8265-943C6705A3A8}.Release|ARM.ActiveCfg = Release|Any CPU
		{74825820-FEE3-46D2-8265-943C6705A3A8}.Release|ARM.Build.0 = Release|Any CPU
		{74825820-FEE3-46D2-8265-943C6705A3A8}.Release|iPhone.ActiveCfg = Release|Any CPU
		{74825820-FEE3-46D2-8265-943C6705A3A8}.Release|iPhone.Build.0 = Release|Any CPU
		{74825820-FEE3-46D2-8265-943C6705A3A8}.Release|iPhoneSimulator.ActiveCfg = Release|Any CPU
		{74825820-FEE3-46D2-8265-943C6705A3A8}.Release|iPhoneSimulator.Build.0 = Release|Any CPU
		{74825820-FEE3-46D2-8265-943C6705A3A8}.Release|x64.ActiveCfg = Release|Any CPU
		{74825820-FEE3-46D2-8265-943C6705A3A8}.Release|x64.Build.0 = Release|Any CPU
		{74825820-FEE3-46D2-8265-943C6705A3A8}.Release|x86.ActiveCfg = Release|Any CPU
		{74825820-FEE3-46D2-8265-943C6705A3A8}.Release|x86.Build.0 = Release|Any CPU
		{D400F2B0-F917-4918-A82F-13C9806BEE28}.Debug|Any CPU.ActiveCfg = Debug|x86
		{D400F2B0-F917-4918-A82F-13C9806BEE28}.Debug|ARM.ActiveCfg = Debug|ARM
		{D400F2B0-F917-4918-A82F-13C9806BEE28}.Debug|ARM.Build.0 = Debug|ARM
		{D400F2B0-F917-4918-A82F-13C9806BEE28}.Debug|ARM.Deploy.0 = Debug|ARM
		{D400F2B0-F917-4918-A82F-13C9806BEE28}.Debug|iPhone.ActiveCfg = Debug|x86
		{D400F2B0-F917-4918-A82F-13C9806BEE28}.Debug|iPhoneSimulator.ActiveCfg = Debug|x86
		{D400F2B0-F917-4918-A82F-13C9806BEE28}.Debug|x64.ActiveCfg = Debug|x64
		{D400F2B0-F917-4918-A82F-13C9806BEE28}.Debug|x64.Build.0 = Debug|x64
		{D400F2B0-F917-4918-A82F-13C9806BEE28}.Debug|x64.Deploy.0 = Debug|x64
		{D400F2B0-F917-4918-A82F-13C9806BEE28}.Debug|x86.ActiveCfg = Debug|x86
		{D400F2B0-F917-4918-A82F-13C9806BEE28}.Debug|x86.Build.0 = Debug|x86
		{D400F2B0-F917-4918-A82F-13C9806BEE28}.Debug|x86.Deploy.0 = Debug|x86
		{D400F2B0-F917-4918-A82F-13C9806BEE28}.Release|Any CPU.ActiveCfg = Release|x86
		{D400F2B0-F917-4918-A82F-13C9806BEE28}.Release|ARM.ActiveCfg = Release|ARM
		{D400F2B0-F917-4918-A82F-13C9806BEE28}.Release|ARM.Build.0 = Release|ARM
		{D400F2B0-F917-4918-A82F-13C9806BEE28}.Release|ARM.Deploy.0 = Release|ARM
		{D400F2B0-F917-4918-A82F-13C9806BEE28}.Release|iPhone.ActiveCfg = Release|x86
		{D400F2B0-F917-4918-A82F-13C9806BEE28}.Release|iPhoneSimulator.ActiveCfg = Release|x86
		{D400F2B0-F917-4918-A82F-13C9806BEE28}.Release|x64.ActiveCfg = Release|x64
		{D400F2B0-F917-4918-A82F-13C9806BEE28}.Release|x64.Build.0 = Release|x64
		{D400F2B0-F917-4918-A82F-13C9806BEE28}.Release|x64.Deploy.0 = Release|x64
		{D400F2B0-F917-4918-A82F-13C9806BEE28}.Release|x86.ActiveCfg = Release|x86
		{D400F2B0-F917-4918-A82F-13C9806BEE28}.Release|x86.Build.0 = Release|x86
		{D400F2B0-F917-4918-A82F-13C9806BEE28}.Release|x86.Deploy.0 = Release|x86
		{F2508956-9E95-4B32-B52A-BD92481118F3}.Debug|Any CPU.ActiveCfg = Debug|Any CPU
		{F2508956-9E95-4B32-B52A-BD92481118F3}.Debug|Any CPU.Build.0 = Debug|Any CPU
		{F2508956-9E95-4B32-B52A-BD92481118F3}.Debug|Any CPU.Deploy.0 = Debug|Any CPU
		{F2508956-9E95-4B32-B52A-BD92481118F3}.Debug|ARM.ActiveCfg = Debug|Any CPU
		{F2508956-9E95-4B32-B52A-BD92481118F3}.Debug|ARM.Build.0 = Debug|Any CPU
		{F2508956-9E95-4B32-B52A-BD92481118F3}.Debug|ARM.Deploy.0 = Debug|Any CPU
		{F2508956-9E95-4B32-B52A-BD92481118F3}.Debug|iPhone.ActiveCfg = Debug|Any CPU
		{F2508956-9E95-4B32-B52A-BD92481118F3}.Debug|iPhone.Build.0 = Debug|Any CPU
		{F2508956-9E95-4B32-B52A-BD92481118F3}.Debug|iPhone.Deploy.0 = Debug|Any CPU
		{F2508956-9E95-4B32-B52A-BD92481118F3}.Debug|iPhoneSimulator.ActiveCfg = Debug|Any CPU
		{F2508956-9E95-4B32-B52A-BD92481118F3}.Debug|iPhoneSimulator.Build.0 = Debug|Any CPU
		{F2508956-9E95-4B32-B52A-BD92481118F3}.Debug|iPhoneSimulator.Deploy.0 = Debug|Any CPU
		{F2508956-9E95-4B32-B52A-BD92481118F3}.Debug|x64.ActiveCfg = Debug|Any CPU
		{F2508956-9E95-4B32-B52A-BD92481118F3}.Debug|x64.Build.0 = Debug|Any CPU
		{F2508956-9E95-4B32-B52A-BD92481118F3}.Debug|x64.Deploy.0 = Debug|Any CPU
		{F2508956-9E95-4B32-B52A-BD92481118F3}.Debug|x86.ActiveCfg = Debug|Any CPU
		{F2508956-9E95-4B32-B52A-BD92481118F3}.Debug|x86.Build.0 = Debug|Any CPU
		{F2508956-9E95-4B32-B52A-BD92481118F3}.Debug|x86.Deploy.0 = Debug|Any CPU
		{F2508956-9E95-4B32-B52A-BD92481118F3}.Release|Any CPU.ActiveCfg = Release|Any CPU
		{F2508956-9E95-4B32-B52A-BD92481118F3}.Release|Any CPU.Build.0 = Release|Any CPU
		{F2508956-9E95-4B32-B52A-BD92481118F3}.Release|Any CPU.Deploy.0 = Release|Any CPU
		{F2508956-9E95-4B32-B52A-BD92481118F3}.Release|ARM.ActiveCfg = Release|Any CPU
		{F2508956-9E95-4B32-B52A-BD92481118F3}.Release|ARM.Build.0 = Release|Any CPU
		{F2508956-9E95-4B32-B52A-BD92481118F3}.Release|ARM.Deploy.0 = Release|Any CPU
		{F2508956-9E95-4B32-B52A-BD92481118F3}.Release|iPhone.ActiveCfg = Release|Any CPU
		{F2508956-9E95-4B32-B52A-BD92481118F3}.Release|iPhone.Build.0 = Release|Any CPU
		{F2508956-9E95-4B32-B52A-BD92481118F3}.Release|iPhone.Deploy.0 = Release|Any CPU
		{F2508956-9E95-4B32-B52A-BD92481118F3}.Release|iPhoneSimulator.ActiveCfg = Release|Any CPU
		{F2508956-9E95-4B32-B52A-BD92481118F3}.Release|iPhoneSimulator.Build.0 = Release|Any CPU
		{F2508956-9E95-4B32-B52A-BD92481118F3}.Release|iPhoneSimulator.Deploy.0 = Release|Any CPU
		{F2508956-9E95-4B32-B52A-BD92481118F3}.Release|x64.ActiveCfg = Release|Any CPU
		{F2508956-9E95-4B32-B52A-BD92481118F3}.Release|x64.Build.0 = Release|Any CPU
		{F2508956-9E95-4B32-B52A-BD92481118F3}.Release|x64.Deploy.0 = Release|Any CPU
		{F2508956-9E95-4B32-B52A-BD92481118F3}.Release|x86.ActiveCfg = Release|Any CPU
		{F2508956-9E95-4B32-B52A-BD92481118F3}.Release|x86.Build.0 = Release|Any CPU
		{F2508956-9E95-4B32-B52A-BD92481118F3}.Release|x86.Deploy.0 = Release|Any CPU
		{4B9E6837-EA20-4CCD-AEBE-600E719528DA}.Debug|Any CPU.ActiveCfg = Debug|iPhoneSimulator
		{4B9E6837-EA20-4CCD-AEBE-600E719528DA}.Debug|ARM.ActiveCfg = Debug|iPhoneSimulator
		{4B9E6837-EA20-4CCD-AEBE-600E719528DA}.Debug|iPhone.ActiveCfg = Debug|iPhone
		{4B9E6837-EA20-4CCD-AEBE-600E719528DA}.Debug|iPhone.Build.0 = Debug|iPhone
		{4B9E6837-EA20-4CCD-AEBE-600E719528DA}.Debug|iPhone.Deploy.0 = Debug|iPhone
		{4B9E6837-EA20-4CCD-AEBE-600E719528DA}.Debug|iPhoneSimulator.ActiveCfg = Debug|iPhoneSimulator
		{4B9E6837-EA20-4CCD-AEBE-600E719528DA}.Debug|iPhoneSimulator.Build.0 = Debug|iPhoneSimulator
		{4B9E6837-EA20-4CCD-AEBE-600E719528DA}.Debug|x64.ActiveCfg = Debug|iPhoneSimulator
		{4B9E6837-EA20-4CCD-AEBE-600E719528DA}.Debug|x86.ActiveCfg = Debug|iPhoneSimulator
		{4B9E6837-EA20-4CCD-AEBE-600E719528DA}.Release|Any CPU.ActiveCfg = Release|iPhoneSimulator
		{4B9E6837-EA20-4CCD-AEBE-600E719528DA}.Release|ARM.ActiveCfg = Release|iPhoneSimulator
		{4B9E6837-EA20-4CCD-AEBE-600E719528DA}.Release|iPhone.ActiveCfg = Release|iPhone
		{4B9E6837-EA20-4CCD-AEBE-600E719528DA}.Release|iPhone.Build.0 = Release|iPhone
		{4B9E6837-EA20-4CCD-AEBE-600E719528DA}.Release|iPhone.Deploy.0 = Release|iPhone
		{4B9E6837-EA20-4CCD-AEBE-600E719528DA}.Release|iPhoneSimulator.ActiveCfg = Release|iPhoneSimulator
		{4B9E6837-EA20-4CCD-AEBE-600E719528DA}.Release|iPhoneSimulator.Build.0 = Release|iPhoneSimulator
		{4B9E6837-EA20-4CCD-AEBE-600E719528DA}.Release|x64.ActiveCfg = Release|iPhoneSimulator
		{4B9E6837-EA20-4CCD-AEBE-600E719528DA}.Release|x86.ActiveCfg = Release|iPhoneSimulator
		{E7AFD0D1-D3A9-4A1C-9E91-81CA5D7F2BA2}.Debug|Any CPU.ActiveCfg = Debug|Any CPU
		{E7AFD0D1-D3A9-4A1C-9E91-81CA5D7F2BA2}.Debug|Any CPU.Build.0 = Debug|Any CPU
		{E7AFD0D1-D3A9-4A1C-9E91-81CA5D7F2BA2}.Debug|ARM.ActiveCfg = Debug|Any CPU
		{E7AFD0D1-D3A9-4A1C-9E91-81CA5D7F2BA2}.Debug|ARM.Build.0 = Debug|Any CPU
		{E7AFD0D1-D3A9-4A1C-9E91-81CA5D7F2BA2}.Debug|iPhone.ActiveCfg = Debug|Any CPU
		{E7AFD0D1-D3A9-4A1C-9E91-81CA5D7F2BA2}.Debug|iPhone.Build.0 = Debug|Any CPU
		{E7AFD0D1-D3A9-4A1C-9E91-81CA5D7F2BA2}.Debug|iPhoneSimulator.ActiveCfg = Debug|Any CPU
		{E7AFD0D1-D3A9-4A1C-9E91-81CA5D7F2BA2}.Debug|iPhoneSimulator.Build.0 = Debug|Any CPU
		{E7AFD0D1-D3A9-4A1C-9E91-81CA5D7F2BA2}.Debug|x64.ActiveCfg = Debug|Any CPU
		{E7AFD0D1-D3A9-4A1C-9E91-81CA5D7F2BA2}.Debug|x64.Build.0 = Debug|Any CPU
		{E7AFD0D1-D3A9-4A1C-9E91-81CA5D7F2BA2}.Debug|x86.ActiveCfg = Debug|Any CPU
		{E7AFD0D1-D3A9-4A1C-9E91-81CA5D7F2BA2}.Debug|x86.Build.0 = Debug|Any CPU
		{E7AFD0D1-D3A9-4A1C-9E91-81CA5D7F2BA2}.Release|Any CPU.ActiveCfg = Release|Any CPU
		{E7AFD0D1-D3A9-4A1C-9E91-81CA5D7F2BA2}.Release|Any CPU.Build.0 = Release|Any CPU
		{E7AFD0D1-D3A9-4A1C-9E91-81CA5D7F2BA2}.Release|ARM.ActiveCfg = Release|Any CPU
		{E7AFD0D1-D3A9-4A1C-9E91-81CA5D7F2BA2}.Release|ARM.Build.0 = Release|Any CPU
		{E7AFD0D1-D3A9-4A1C-9E91-81CA5D7F2BA2}.Release|iPhone.ActiveCfg = Release|Any CPU
		{E7AFD0D1-D3A9-4A1C-9E91-81CA5D7F2BA2}.Release|iPhone.Build.0 = Release|Any CPU
		{E7AFD0D1-D3A9-4A1C-9E91-81CA5D7F2BA2}.Release|iPhoneSimulator.ActiveCfg = Release|Any CPU
		{E7AFD0D1-D3A9-4A1C-9E91-81CA5D7F2BA2}.Release|iPhoneSimulator.Build.0 = Release|Any CPU
		{E7AFD0D1-D3A9-4A1C-9E91-81CA5D7F2BA2}.Release|x64.ActiveCfg = Release|Any CPU
		{E7AFD0D1-D3A9-4A1C-9E91-81CA5D7F2BA2}.Release|x64.Build.0 = Release|Any CPU
		{E7AFD0D1-D3A9-4A1C-9E91-81CA5D7F2BA2}.Release|x86.ActiveCfg = Release|Any CPU
		{E7AFD0D1-D3A9-4A1C-9E91-81CA5D7F2BA2}.Release|x86.Build.0 = Release|Any CPU
		{D3096C53-8C90-4933-9790-E644459AEDE7}.Debug|Any CPU.ActiveCfg = Debug|Any CPU
		{D3096C53-8C90-4933-9790-E644459AEDE7}.Debug|Any CPU.Build.0 = Debug|Any CPU
		{D3096C53-8C90-4933-9790-E644459AEDE7}.Debug|ARM.ActiveCfg = Debug|Any CPU
		{D3096C53-8C90-4933-9790-E644459AEDE7}.Debug|ARM.Build.0 = Debug|Any CPU
		{D3096C53-8C90-4933-9790-E644459AEDE7}.Debug|iPhone.ActiveCfg = Debug|Any CPU
		{D3096C53-8C90-4933-9790-E644459AEDE7}.Debug|iPhone.Build.0 = Debug|Any CPU
		{D3096C53-8C90-4933-9790-E644459AEDE7}.Debug|iPhoneSimulator.ActiveCfg = Debug|Any CPU
		{D3096C53-8C90-4933-9790-E644459AEDE7}.Debug|iPhoneSimulator.Build.0 = Debug|Any CPU
		{D3096C53-8C90-4933-9790-E644459AEDE7}.Debug|x64.ActiveCfg = Debug|Any CPU
		{D3096C53-8C90-4933-9790-E644459AEDE7}.Debug|x64.Build.0 = Debug|Any CPU
		{D3096C53-8C90-4933-9790-E644459AEDE7}.Debug|x86.ActiveCfg = Debug|Any CPU
		{D3096C53-8C90-4933-9790-E644459AEDE7}.Debug|x86.Build.0 = Debug|Any CPU
		{D3096C53-8C90-4933-9790-E644459AEDE7}.Release|Any CPU.ActiveCfg = Release|Any CPU
		{D3096C53-8C90-4933-9790-E644459AEDE7}.Release|Any CPU.Build.0 = Release|Any CPU
		{D3096C53-8C90-4933-9790-E644459AEDE7}.Release|ARM.ActiveCfg = Release|Any CPU
		{D3096C53-8C90-4933-9790-E644459AEDE7}.Release|ARM.Build.0 = Release|Any CPU
		{D3096C53-8C90-4933-9790-E644459AEDE7}.Release|iPhone.ActiveCfg = Release|Any CPU
		{D3096C53-8C90-4933-9790-E644459AEDE7}.Release|iPhone.Build.0 = Release|Any CPU
		{D3096C53-8C90-4933-9790-E644459AEDE7}.Release|iPhoneSimulator.ActiveCfg = Release|Any CPU
		{D3096C53-8C90-4933-9790-E644459AEDE7}.Release|iPhoneSimulator.Build.0 = Release|Any CPU
		{D3096C53-8C90-4933-9790-E644459AEDE7}.Release|x64.ActiveCfg = Release|Any CPU
		{D3096C53-8C90-4933-9790-E644459AEDE7}.Release|x64.Build.0 = Release|Any CPU
		{D3096C53-8C90-4933-9790-E644459AEDE7}.Release|x86.ActiveCfg = Release|Any CPU
		{D3096C53-8C90-4933-9790-E644459AEDE7}.Release|x86.Build.0 = Release|Any CPU
		{BFC5423A-4458-4F52-85C1-A25E41E9AE21}.Debug|Any CPU.ActiveCfg = Debug|Any CPU
		{BFC5423A-4458-4F52-85C1-A25E41E9AE21}.Debug|Any CPU.Build.0 = Debug|Any CPU
		{BFC5423A-4458-4F52-85C1-A25E41E9AE21}.Debug|ARM.ActiveCfg = Debug|Any CPU
		{BFC5423A-4458-4F52-85C1-A25E41E9AE21}.Debug|ARM.Build.0 = Debug|Any CPU
		{BFC5423A-4458-4F52-85C1-A25E41E9AE21}.Debug|iPhone.ActiveCfg = Debug|Any CPU
		{BFC5423A-4458-4F52-85C1-A25E41E9AE21}.Debug|iPhone.Build.0 = Debug|Any CPU
		{BFC5423A-4458-4F52-85C1-A25E41E9AE21}.Debug|iPhoneSimulator.ActiveCfg = Debug|Any CPU
		{BFC5423A-4458-4F52-85C1-A25E41E9AE21}.Debug|iPhoneSimulator.Build.0 = Debug|Any CPU
		{BFC5423A-4458-4F52-85C1-A25E41E9AE21}.Debug|x64.ActiveCfg = Debug|Any CPU
		{BFC5423A-4458-4F52-85C1-A25E41E9AE21}.Debug|x64.Build.0 = Debug|Any CPU
		{BFC5423A-4458-4F52-85C1-A25E41E9AE21}.Debug|x86.ActiveCfg = Debug|Any CPU
		{BFC5423A-4458-4F52-85C1-A25E41E9AE21}.Debug|x86.Build.0 = Debug|Any CPU
		{BFC5423A-4458-4F52-85C1-A25E41E9AE21}.Release|Any CPU.ActiveCfg = Release|Any CPU
		{BFC5423A-4458-4F52-85C1-A25E41E9AE21}.Release|Any CPU.Build.0 = Release|Any CPU
		{BFC5423A-4458-4F52-85C1-A25E41E9AE21}.Release|ARM.ActiveCfg = Release|Any CPU
		{BFC5423A-4458-4F52-85C1-A25E41E9AE21}.Release|ARM.Build.0 = Release|Any CPU
		{BFC5423A-4458-4F52-85C1-A25E41E9AE21}.Release|iPhone.ActiveCfg = Release|Any CPU
		{BFC5423A-4458-4F52-85C1-A25E41E9AE21}.Release|iPhone.Build.0 = Release|Any CPU
		{BFC5423A-4458-4F52-85C1-A25E41E9AE21}.Release|iPhoneSimulator.ActiveCfg = Release|Any CPU
		{BFC5423A-4458-4F52-85C1-A25E41E9AE21}.Release|iPhoneSimulator.Build.0 = Release|Any CPU
		{BFC5423A-4458-4F52-85C1-A25E41E9AE21}.Release|x64.ActiveCfg = Release|Any CPU
		{BFC5423A-4458-4F52-85C1-A25E41E9AE21}.Release|x64.Build.0 = Release|Any CPU
		{BFC5423A-4458-4F52-85C1-A25E41E9AE21}.Release|x86.ActiveCfg = Release|Any CPU
		{BFC5423A-4458-4F52-85C1-A25E41E9AE21}.Release|x86.Build.0 = Release|Any CPU
	EndGlobalSection
	GlobalSection(SolutionProperties) = preSolution
		HideSolutionNode = FALSE
	EndGlobalSection
	GlobalSection(NestedProjects) = preSolution
		{9A7ACBB5-EB41-4BE2-A049-F43AE7153EBA} = {779C01CB-A13C-4E33-A980-D5FBACFAAFD7}
		{D400F2B0-F917-4918-A82F-13C9806BEE28} = {9A7ACBB5-EB41-4BE2-A049-F43AE7153EBA}
		{F2508956-9E95-4B32-B52A-BD92481118F3} = {9A7ACBB5-EB41-4BE2-A049-F43AE7153EBA}
		{4B9E6837-EA20-4CCD-AEBE-600E719528DA} = {9A7ACBB5-EB41-4BE2-A049-F43AE7153EBA}
		{E7AFD0D1-D3A9-4A1C-9E91-81CA5D7F2BA2} = {9A7ACBB5-EB41-4BE2-A049-F43AE7153EBA}
		{BFC5423A-4458-4F52-85C1-A25E41E9AE21} = {073DDF71-81BA-43C7-9325-92D107FBA1C4}
	EndGlobalSection
	GlobalSection(ExtensibilityGlobals) = postSolution
		SolutionGuid = {FDD78619-23DC-44A7-AF4D-B80031E5EC31}
	EndGlobalSection
EndGlobal
